
Microsoft Visual Studio Solution File, Format Version 12.00
# Visual Studio Version 17
VisualStudioVersion = 17.2.32602.215
MinimumVisualStudioVersion = 10.0.40219.1
Project("{9A19103F-16F7-4668-BE54-9A1E7A4F7556}") = "ArgsParser", "ArgsMapper\ArgsParser.csproj", "{593C04B3-9549-4685-AD32-0E455D2D5B76}"
EndProject
Project("{FAE04EC0-301F-11D3-BF4B-00C04F79EFBC}") = "ArgsParserTest", "ArgsParserTest\ArgsParserTest.csproj", "{77A6DCB6-D729-4734-B274-C84F22654F0B}"
EndProject
Global
	GlobalSection(SolutionConfigurationPlatforms) = preSolution
		Debug|Any CPU = Debug|Any CPU
		Release|Any CPU = Release|Any CPU
	EndGlobalSection
	GlobalSection(ProjectConfigurationPlatforms) = postSolution
		{593C04B3-9549-4685-AD32-0E455D2D5B76}.Debug|Any CPU.ActiveCfg = Debug|Any CPU
		{593C04B3-9549-4685-AD32-0E455D2D5B76}.Debug|Any CPU.Build.0 = Debug|Any CPU
		{593C04B3-9549-4685-AD32-0E455D2D5B76}.Release|Any CPU.ActiveCfg = Release|Any CPU
		{593C04B3-9549-4685-AD32-0E455D2D5B76}.Release|Any CPU.Build.0 = Release|Any CPU
		{77A6DCB6-D729-4734-B274-C84F22654F0B}.Debug|Any CPU.ActiveCfg = Debug|Any CPU
		{77A6DCB6-D729-4734-B274-C84F22654F0B}.Debug|Any CPU.Build.0 = Debug|Any CPU
		{77A6DCB6-D729-4734-B274-C84F22654F0B}.Release|Any CPU.ActiveCfg = Release|Any CPU
		{77A6DCB6-D729-4734-B274-C84F22654F0B}.Release|Any CPU.Build.0 = Release|Any CPU
	EndGlobalSection
	GlobalSection(SolutionProperties) = preSolution
		HideSolutionNode = FALSE
	EndGlobalSection
	GlobalSection(ExtensibilityGlobals) = postSolution
		SolutionGuid = {F2E50D7B-AE02-4EB5-950A-09DE4FA4346C}
	EndGlobalSection
EndGlobal
